// !$*UTF8*$!
{
	archiveVersion = 1;
	classes = {
	};
	objectVersion = 55;
	objects = {

/* Begin PBXBuildFile section */
		59A62CDD281F36150012EF0B /* icaloriesApp.swift in Sources */ = {isa = PBXBuildFile; fileRef = 59A62CDC281F36150012EF0B /* icaloriesApp.swift */; };
		59A62CDF281F36150012EF0B /* ContentView.swift in Sources */ = {isa = PBXBuildFile; fileRef = 59A62CDE281F36150012EF0B /* ContentView.swift */; };
		59A62CE1281F36170012EF0B /* Assets.xcassets in Resources */ = {isa = PBXBuildFile; fileRef = 59A62CE0281F36170012EF0B /* Assets.xcassets */; };
		59A62CE4281F36170012EF0B /* Preview Assets.xcassets in Resources */ = {isa = PBXBuildFile; fileRef = 59A62CE3281F36170012EF0B /* Preview Assets.xcassets */; };
		59A62CF2281F37AB0012EF0B /* DataController.swift in Sources */ = {isa = PBXBuildFile; fileRef = 59A62CF1281F37AB0012EF0B /* DataController.swift */; };
		59A62CFB281F52C80012EF0B /* AddFoodView.swift in Sources */ = {isa = PBXBuildFile; fileRef = 59A62CFA281F52C80012EF0B /* AddFoodView.swift */; };
		59A62CFD281F56550012EF0B /* TimeFormatting.swift in Sources */ = {isa = PBXBuildFile; fileRef = 59A62CFC281F56550012EF0B /* TimeFormatting.swift */; };
		59C791E928200FB2007A4464 /* FoodModel.xcdatamodeld in Sources */ = {isa = PBXBuildFile; fileRef = 59C791E728200FB2007A4464 /* FoodModel.xcdatamodeld */; };
		59C791EB2820100E007A4464 /* EditFoodView.swift in Sources */ = {isa = PBXBuildFile; fileRef = 59C791EA2820100E007A4464 /* EditFoodView.swift */; };
/* End PBXBuildFile section */

/* Begin PBXFileReference section */
		59A62CD9281F36150012EF0B /* icalories.app */ = {isa = PBXFileReference; explicitFileType = wrapper.application; includeInIndex = 0; path = icalories.app; sourceTree = BUILT_PRODUCTS_DIR; };
		59A62CDC281F36150012EF0B /* icaloriesApp.swift */ = {isa = PBXFileReference; lastKnownFileType = sourcecode.swift; path = icaloriesApp.swift; sourceTree = "<group>"; };
		59A62CDE281F36150012EF0B /* ContentView.swift */ = {isa = PBXFileReference; lastKnownFileType = sourcecode.swift; path = ContentView.swift; sourceTree = "<group>"; };
		59A62CE0281F36170012EF0B /* Assets.xcassets */ = {isa = PBXFileReference; lastKnownFileType = folder.assetcatalog; path = Assets.xcassets; sourceTree = "<group>"; };
		59A62CE3281F36170012EF0B /* Preview Assets.xcassets */ = {isa = PBXFileReference; lastKnownFileType = folder.assetcatalog; path = "Preview Assets.xcassets"; sourceTree = "<group>"; };
		59A62CF1281F37AB0012EF0B /* DataController.swift */ = {isa = PBXFileReference; lastKnownFileType = sourcecode.swift; path = DataController.swift; sourceTree = "<group>"; };
		59A62CFA281F52C80012EF0B /* AddFoodView.swift */ = {isa = PBXFileReference; lastKnownFileType = sourcecode.swift; path = AddFoodView.swift; sourceTree = "<group>"; };
		59A62CFC281F56550012EF0B /* TimeFormatting.swift */ = {isa = PBXFileReference; lastKnownFileType = sourcecode.swift; path = TimeFormatting.swift; sourceTree = "<group>"; };
		59C791E828200FB2007A4464 /* Food.xcdatamodel */ = {isa = PBXFileReference; lastKnownFileType = wrapper.xcdatamodel; path = Food.xcdatamodel; sourceTree = "<group>"; };
		59C791EA2820100E007A4464 /* EditFoodView.swift */ = {isa = PBXFileReference; lastKnownFileType = sourcecode.swift; path = EditFoodView.swift; sourceTree = "<group>"; };
/* End PBXFileReference section */

/* Begin PBXFrameworksBuildPhase section */
		59A62CD6281F36150012EF0B /* Frameworks */ = {
			isa = PBXFrameworksBuildPhase;
			buildActionMask = 2147483647;
			files = (
			);
			runOnlyForDeploymentPostprocessing = 0;
		};
/* End PBXFrameworksBuildPhase section */

/* Begin PBXGroup section */
		59A62CD0281F36150012EF0B = {
			isa = PBXGroup;
			children = (
				59A62CDB281F36150012EF0B /* icalories */,
				59A62CDA281F36150012EF0B /* Products */,
			);
			sourceTree = "<group>";
		};
		59A62CDA281F36150012EF0B /* Products */ = {
			isa = PBXGroup;
			children = (
				59A62CD9281F36150012EF0B /* icalories.app */,
			);
			name = Products;
			sourceTree = "<group>";
		};
		59A62CDB281F36150012EF0B /* icalories */ = {
			isa = PBXGroup;
			children = (
				59A62CDC281F36150012EF0B /* icaloriesApp.swift */,
				59A62CF9281F52610012EF0B /* Views */,
				59A62CF6281F51F00012EF0B /* Helpers */,
				59A62CED281F36B20012EF0B /* DataModel */,
				59A62CE0281F36170012EF0B /* Assets.xcassets */,
				59A62CE2281F36170012EF0B /* Preview Content */,
			);
			path = icalories;
			sourceTree = "<group>";
		};
		59A62CE2281F36170012EF0B /* Preview Content */ = {
			isa = PBXGroup;
			children = (
				59A62CE3281F36170012EF0B /* Preview Assets.xcassets */,
			);
			path = "Preview Content";
			sourceTree = "<group>";
		};
		59A62CED281F36B20012EF0B /* DataModel */ = {
			isa = PBXGroup;
			children = (
				59A62CF1281F37AB0012EF0B /* DataController.swift */,
				59C791E728200FB2007A4464 /* FoodModel.xcdatamodeld */,
			);
			path = DataModel;
			sourceTree = "<group>";
		};
		59A62CF6281F51F00012EF0B /* Helpers */ = {
			isa = PBXGroup;
			children = (
				59A62CFC281F56550012EF0B /* TimeFormatting.swift */,
			);
			path = Helpers;
			sourceTree = "<group>";
		};
		59A62CF9281F52610012EF0B /* Views */ = {
			isa = PBXGroup;
			children = (
				59A62CDE281F36150012EF0B /* ContentView.swift */,
				59A62CFA281F52C80012EF0B /* AddFoodView.swift */,
				59C791EA2820100E007A4464 /* EditFoodView.swift */,
			);
			path = Views;
			sourceTree = "<group>";
		};
/* End PBXGroup section */

/* Begin PBXNativeTarget section */
		59A62CD8281F36150012EF0B /* icalories */ = {
			isa = PBXNativeTarget;
			buildConfigurationList = 59A62CE7281F36170012EF0B /* Build configuration list for PBXNativeTarget "icalories" */;
			buildPhases = (
				59A62CD5281F36150012EF0B /* Sources */,
				59A62CD6281F36150012EF0B /* Frameworks */,
				59A62CD7281F36150012EF0B /* Resources */,
			);
			buildRules = (
			);
			dependencies = (
			);
			name = icalories;
			productName = icalories;
			productReference = 59A62CD9281F36150012EF0B /* icalories.app */;
			productType = "com.apple.product-type.application";
		};
/* End PBXNativeTarget section */

/* Begin PBXProject section */
		59A62CD1281F36150012EF0B /* Project object */ = {
			isa = PBXProject;
			attributes = {
				BuildIndependentTargetsInParallel = 1;
				LastSwiftUpdateCheck = 1330;
				LastUpgradeCheck = 1330;
				TargetAttributes = {
					59A62CD8281F36150012EF0B = {
						CreatedOnToolsVersion = 13.3.1;
					};
				};
			};
			buildConfigurationList = 59A62CD4281F36150012EF0B /* Build configuration list for PBXProject "icalories" */;
			compatibilityVersion = "Xcode 13.0";
			developmentRegion = en;
			hasScannedForEncodings = 0;
			knownRegions = (
				en,
				Base,
			);
			mainGroup = 59A62CD0281F36150012EF0B;
			productRefGroup = 59A62CDA281F36150012EF0B /* Products */;
			projectDirPath = "";
			projectRoot = "";
			targets = (
				59A62CD8281F36150012EF0B /* icalories */,
			);
		};
/* End PBXProject section */

/* Begin PBXResourcesBuildPhase section */
		59A62CD7281F36150012EF0B /* Resources */ = {
			isa = PBXResourcesBuildPhase;
			buildActionMask = 2147483647;
			files = (
				59A62CE4281F36170012EF0B /* Preview Assets.xcassets in Resources */,
				59A62CE1281F36170012EF0B /* Assets.xcassets in Resources */,
			);
			runOnlyForDeploymentPostprocessing = 0;
		};
/* End PBXResourcesBuildPhase section */

/* Begin PBXSourcesBuildPhase section */
		59A62CD5281F36150012EF0B /* Sources */ = {
			isa = PBXSourcesBuildPhase;
			buildActionMask = 2147483647;
			files = (
				59A62CFB281F52C80012EF0B /* AddFoodView.swift in Sources */,
				59A62CDF281F36150012EF0B /* ContentView.swift in Sources */,
				59A62CF2281F37AB0012EF0B /* DataController.swift in Sources */,
				59A62CDD281F36150012EF0B /* icaloriesApp.swift in Sources */,
				59A62CFD281F56550012EF0B /* TimeFormatting.swift in Sources */,
				59C791EB2820100E007A4464 /* EditFoodView.swift in Sources */,
				59C791E928200FB2007A4464 /* FoodModel.xcdatamodeld in Sources */,
			);
			runOnlyForDeploymentPostprocessing = 0;
		};
/* End PBXSourcesBuildPhase section */

/* Begin XCBuildConfiguration section */
		59A62CE5281F36170012EF0B /* Debug */ = {
			isa = XCBuildConfiguration;
			buildSettings = {
				ALWAYS_SEARCH_USER_PATHS = NO;
				CLANG_ANALYZER_NONNULL = YES;
				CLANG_ANALYZER_NUMBER_OBJECT_CONVERSION = YES_AGGRESSIVE;
				CLANG_CXX_LANGUAGE_STANDARD = "gnu++17";
				CLANG_ENABLE_MODULES = YES;
				CLANG_ENABLE_OBJC_ARC = YES;
				CLANG_ENABLE_OBJC_WEAK = YES;
				CLANG_WARN_BLOCK_CAPTURE_AUTORELEASING = YES;
				CLANG_WARN_BOOL_CONVERSION = YES;
				CLANG_WARN_COMMA = YES;
				CLANG_WARN_CONSTANT_CONVERSION = YES;
				CLANG_WARN_DEPRECATED_OBJC_IMPLEMENTATIONS = YES;
				CLANG_WARN_DIRECT_OBJC_ISA_USAGE = YES_ERROR;
				CLANG_WARN_DOCUMENTATION_COMMENTS = YES;
				CLANG_WARN_EMPTY_BODY = YES;
				CLANG_WARN_ENUM_CONVERSION = YES;
				CLANG_WARN_INFINITE_RECURSION = YES;
				CLANG_WARN_INT_CONVERSION = YES;
				CLANG_WARN_NON_LITERAL_NULL_CONVERSION = YES;
				CLANG_WARN_OBJC_IMPLICIT_RETAIN_SELF = YES;
				CLANG_WARN_OBJC_LITERAL_CONVERSION = YES;
				CLANG_WARN_OBJC_ROOT_CLASS = YES_ERROR;
				CLANG_WARN_QUOTED_INCLUDE_IN_FRAMEWORK_HEADER = YES;
				CLANG_WARN_RANGE_LOOP_ANALYSIS = YES;
				CLANG_WARN_STRICT_PROTOTYPES = YES;
				CLANG_WARN_SUSPICIOUS_MOVE = YES;
				CLANG_WARN_UNGUARDED_AVAILABILITY = YES_AGGRESSIVE;
				CLANG_WARN_UNREACHABLE_CODE = YES;
				CLANG_WARN__DUPLICATE_METHOD_MATCH = YES;
				COPY_PHASE_STRIP = NO;
				DEBUG_INFORMATION_FORMAT = dwarf;
				ENABLE_STRICT_OBJC_MSGSEND = YES;
				ENABLE_TESTABILITY = YES;
				GCC_C_LANGUAGE_STANDARD = gnu11;
				GCC_DYNAMIC_NO_PIC = NO;
				GCC_NO_COMMON_BLOCKS = YES;
				GCC_OPTIMIZATION_LEVEL = 0;
				GCC_PREPROCESSOR_DEFINITIONS = (
					"DEBUG=1",
					"$(inherited)",
				);
				GCC_WARN_64_TO_32_BIT_CONVERSION = YES;
				GCC_WARN_ABOUT_RETURN_TYPE = YES_ERROR;
				GCC_WARN_UNDECLARED_SELECTOR = YES;
				GCC_WARN_UNINITIALIZED_AUTOS = YES_AGGRESSIVE;
				GCC_WARN_UNUSED_FUNCTION = YES;
				GCC_WARN_UNUSED_VARIABLE = YES;
				IPHONEOS_DEPLOYMENT_TARGET = 15.4;
				MTL_ENABLE_DEBUG_INFO = INCLUDE_SOURCE;
				MTL_FAST_MATH = YES;
				ONLY_ACTIVE_ARCH = YES;
				SDKROOT = iphoneos;
				SWIFT_ACTIVE_COMPILATION_CONDITIONS = DEBUG;
				SWIFT_OPTIMIZATION_LEVEL = "-Onone";
			};
			name = Debug;
		};
		59A62CE6281F36170012EF0B /* Release */ = {
			isa = XCBuildConfiguration;
			buildSettings = {
				ALWAYS_SEARCH_USER_PATHS = NO;
				CLANG_ANALYZER_NONNULL = YES;
				CLANG_ANALYZER_NUMBER_OBJECT_CONVERSION = YES_AGGRESSIVE;
				CLANG_CXX_LANGUAGE_STANDARD = "gnu++17";
				CLANG_ENABLE_MODULES = YES;
				CLANG_ENABLE_OBJC_ARC = YES;
				CLANG_ENABLE_OBJC_WEAK = YES;
				CLANG_WARN_BLOCK_CAPTURE_AUTORELEASING = YES;
				CLANG_WARN_BOOL_CONVERSION = YES;
				CLANG_WARN_COMMA = YES;
				CLANG_WARN_CONSTANT_CONVERSION = YES;
				CLANG_WARN_DEPRECATED_OBJC_IMPLEMENTATIONS = YES;
				CLANG_WARN_DIRECT_OBJC_ISA_USAGE = YES_ERROR;
				CLANG_WARN_DOCUMENTATION_COMMENTS = YES;
				CLANG_WARN_EMPTY_BODY = YES;
				CLANG_WARN_ENUM_CONVERSION = YES;
				CLANG_WARN_INFINITE_RECURSION = YES;
				CLANG_WARN_INT_CONVERSION = YES;
				CLANG_WARN_NON_LITERAL_NULL_CONVERSION = YES;
				CLANG_WARN_OBJC_IMPLICIT_RETAIN_SELF = YES;
				CLANG_WARN_OBJC_LITERAL_CONVERSION = YES;
				CLANG_WARN_OBJC_ROOT_CLASS = YES_ERROR;
				CLANG_WARN_QUOTED_INCLUDE_IN_FRAMEWORK_HEADER = YES;
				CLANG_WARN_RANGE_LOOP_ANALYSIS = YES;
				CLANG_WARN_STRICT_PROTOTYPES = YES;
				CLANG_WARN_SUSPICIOUS_MOVE = YES;
				CLANG_WARN_UNGUARDED_AVAILABILITY = YES_AGGRESSIVE;
				CLANG_WARN_UNREACHABLE_CODE = YES;
				CLANG_WARN__DUPLICATE_METHOD_MATCH = YES;
				COPY_PHASE_STRIP = NO;
				DEBUG_INFORMATION_FORMAT = "dwarf-with-dsym";
				ENABLE_NS_ASSERTIONS = NO;
				ENABLE_STRICT_OBJC_MSGSEND = YES;
				GCC_C_LANGUAGE_STANDARD = gnu11;
				GCC_NO_COMMON_BLOCKS = YES;
				GCC_WARN_64_TO_32_BIT_CONVERSION = YES;
				GCC_WARN_ABOUT_RETURN_TYPE = YES_ERROR;
				GCC_WARN_UNDECLARED_SELECTOR = YES;
				GCC_WARN_UNINITIALIZED_AUTOS = YES_AGGRESSIVE;
				GCC_WARN_UNUSED_FUNCTION = YES;
				GCC_WARN_UNUSED_VARIABLE = YES;
				IPHONEOS_DEPLOYMENT_TARGET = 15.4;
				MTL_ENABLE_DEBUG_INFO = NO;
				MTL_FAST_MATH = YES;
				SDKROOT = iphoneos;
				SWIFT_COMPILATION_MODE = wholemodule;
				SWIFT_OPTIMIZATION_LEVEL = "-O";
				VALIDATE_PRODUCT = YES;
			};
			name = Release;
		};
		59A62CE8281F36170012EF0B /* Debug */ = {
			isa = XCBuildConfiguration;
			buildSettings = {
				ASSETCATALOG_COMPILER_APPICON_NAME = AppIcon;
				ASSETCATALOG_COMPILER_GLOBAL_ACCENT_COLOR_NAME = AccentColor;
				CODE_SIGN_STYLE = Automatic;
				CURRENT_PROJECT_VERSION = 1;
				DEVELOPMENT_ASSET_PATHS = "\"icalories/Preview Content\"";
				DEVELOPMENT_TEAM = A989Z7W3RJ;
				ENABLE_PREVIEWS = YES;
				GENERATE_INFOPLIST_FILE = YES;
				INFOPLIST_KEY_UIApplicationSceneManifest_Generation = YES;
				INFOPLIST_KEY_UIApplicationSupportsIndirectInputEvents = YES;
				INFOPLIST_KEY_UILaunchScreen_Generation = YES;
				INFOPLIST_KEY_UISupportedInterfaceOrientations_iPad = "UIInterfaceOrientationPortrait UIInterfaceOrientationPortraitUpsideDown UIInterfaceOrientationLandscapeLeft UIInterfaceOrientationLandscapeRight";
				INFOPLIST_KEY_UISupportedInterfaceOrientations_iPhone = "UIInterfaceOrientationPortrait UIInterfaceOrientationLandscapeLeft UIInterfaceOrientationLandscapeRight";
				LD_RUNPATH_SEARCH_PATHS = (
					"$(inherited)",
					"@executable_path/Frameworks",
				);
				MARKETING_VERSION = 1.0;
				PRODUCT_BUNDLE_IDENTIFIER = br.com.ike.icalories;
				PRODUCT_NAME = "$(TARGET_NAME)";
				SWIFT_EMIT_LOC_STRINGS = YES;
				SWIFT_VERSION = 5.0;
				TARGETED_DEVICE_FAMILY = "1,2";
			};
			name = Debug;
		};
		59A62CE9281F36170012EF0B /* Release */ = {
			isa = XCBuildConfiguration;
			buildSettings = {
				ASSETCATALOG_COMPILER_APPICON_NAME = AppIcon;
				ASSETCATALOG_COMPILER_GLOBAL_ACCENT_COLOR_NAME = AccentColor;
				CODE_SIGN_STYLE = Automatic;
				CURRENT_PROJECT_VERSION = 1;
				DEVELOPMENT_ASSET_PATHS = "\"icalories/Preview Content\"";
				DEVELOPMENT_TEAM = A989Z7W3RJ;
				ENABLE_PREVIEWS = YES;
				GENERATE_INFOPLIST_FILE = YES;
				INFOPLIST_KEY_UIApplicationSceneManifest_Generation = YES;
				INFOPLIST_KEY_UIApplicationSupportsIndirectInputEvents = YES;
				INFOPLIST_KEY_UILaunchScreen_Generation = YES;
				INFOPLIST_KEY_UISupportedInterfaceOrientations_iPad = "UIInterfaceOrientationPortrait UIInterfaceOrientationPortraitUpsideDown UIInterfaceOrientationLandscapeLeft UIInterfaceOrientationLandscapeRight";
				INFOPLIST_KEY_UISupportedInterfaceOrientations_iPhone = "UIInterfaceOrientationPortrait UIInterfaceOrientationLandscapeLeft UIInterfaceOrientationLandscapeRight";
				LD_RUNPATH_SEARCH_PATHS = (
					"$(inherited)",
					"@executable_path/Frameworks",
				);
				MARKETING_VERSION = 1.0;
				PRODUCT_BUNDLE_IDENTIFIER = br.com.ike.icalories;
				PRODUCT_NAME = "$(TARGET_NAME)";
				SWIFT_EMIT_LOC_STRINGS = YES;
				SWIFT_VERSION = 5.0;
				TARGETED_DEVICE_FAMILY = "1,2";
			};
			name = Release;
		};
/* End XCBuildConfiguration section */

/* Begin XCConfigurationList section */
		59A62CD4281F36150012EF0B /* Build configuration list for PBXProject "icalories" */ = {
			isa = XCConfigurationList;
			buildConfigurations = (
				59A62CE5281F36170012EF0B /* Debug */,
				59A62CE6281F36170012EF0B /* Release */,
			);
			defaultConfigurationIsVisible = 0;
			defaultConfigurationName = Release;
		};
		59A62CE7281F36170012EF0B /* Build configuration list for PBXNativeTarget "icalories" */ = {
			isa = XCConfigurationList;
			buildConfigurations = (
				59A62CE8281F36170012EF0B /* Debug */,
				59A62CE9281F36170012EF0B /* Release */,
			);
			defaultConfigurationIsVisible = 0;
			defaultConfigurationName = Release;
		};
/* End XCConfigurationList section */

/* Begin XCVersionGroup section */
		59C791E728200FB2007A4464 /* FoodModel.xcdatamodeld */ = {
			isa = XCVersionGroup;
			children = (
				59C791E828200FB2007A4464 /* Food.xcdatamodel */,
			);
			currentVersion = 59C791E828200FB2007A4464 /* Food.xcdatamodel */;
			path = FoodModel.xcdatamodeld;
			sourceTree = "<group>";
			versionGroupType = wrapper.xcdatamodel;
		};
/* End XCVersionGroup section */
	};
	rootObject = 59A62CD1281F36150012EF0B /* Project object */;
}
